
Microsoft Visual Studio Solution File, Format Version 12.00
# Visual Studio 15
VisualStudioVersion = 15.0.27130.2010
MinimumVisualStudioVersion = 10.0.40219.1
Project("{9A19103F-16F7-4668-BE54-9A1E7A4F7556}") = "Zopa.RecruitmentTest.Console", "Zopa.RecruitmentTest.Console\Zopa.RecruitmentTest.Console.csproj", "{8DE49E14-BF45-45F9-A563-C9C5BA80BB13}"
EndProject
Project("{9A19103F-16F7-4668-BE54-9A1E7A4F7556}") = "Zopa.RecruitmentTest.Tests", "Zopa.RecruitmentTest.Tests\Zopa.RecruitmentTest.Tests.csproj", "{BF5958B6-393B-4AF2-ADD2-FFFC115ECE29}"
EndProject
Project("{FAE04EC0-301F-11D3-BF4B-00C04F79EFBC}") = "Zopa.RecruitmentTest.LoanCalculator", "Zopa.RecruitmentTest.LoanCalculator\Zopa.RecruitmentTest.LoanCalculator.csproj", "{D47B5D7A-146E-4EB2-91A6-4D4D61DF88B9}"
EndProject
Global
	GlobalSection(SolutionConfigurationPlatforms) = preSolution
		Debug|Any CPU = Debug|Any CPU
		Release|Any CPU = Release|Any CPU
	EndGlobalSection
	GlobalSection(ProjectConfigurationPlatforms) = postSolution
		{8DE49E14-BF45-45F9-A563-C9C5BA80BB13}.Debug|Any CPU.ActiveCfg = Debug|Any CPU
		{8DE49E14-BF45-45F9-A563-C9C5BA80BB13}.Debug|Any CPU.Build.0 = Debug|Any CPU
		{8DE49E14-BF45-45F9-A563-C9C5BA80BB13}.Release|Any CPU.ActiveCfg = Release|Any CPU
		{8DE49E14-BF45-45F9-A563-C9C5BA80BB13}.Release|Any CPU.Build.0 = Release|Any CPU
		{BF5958B6-393B-4AF2-ADD2-FFFC115ECE29}.Debug|Any CPU.ActiveCfg = Debug|Any CPU
		{BF5958B6-393B-4AF2-ADD2-FFFC115ECE29}.Debug|Any CPU.Build.0 = Debug|Any CPU
		{BF5958B6-393B-4AF2-ADD2-FFFC115ECE29}.Release|Any CPU.ActiveCfg = Release|Any CPU
		{BF5958B6-393B-4AF2-ADD2-FFFC115ECE29}.Release|Any CPU.Build.0 = Release|Any CPU
		{D47B5D7A-146E-4EB2-91A6-4D4D61DF88B9}.Debug|Any CPU.ActiveCfg = Debug|Any CPU
		{D47B5D7A-146E-4EB2-91A6-4D4D61DF88B9}.Debug|Any CPU.Build.0 = Debug|Any CPU
		{D47B5D7A-146E-4EB2-91A6-4D4D61DF88B9}.Release|Any CPU.ActiveCfg = Release|Any CPU
		{D47B5D7A-146E-4EB2-91A6-4D4D61DF88B9}.Release|Any CPU.Build.0 = Release|Any CPU
	EndGlobalSection
	GlobalSection(SolutionProperties) = preSolution
		HideSolutionNode = FALSE
	EndGlobalSection
	GlobalSection(ExtensibilityGlobals) = postSolution
		SolutionGuid = {C2786540-D14A-448D-9052-7CD92B09CB61}
	EndGlobalSection
EndGlobal
